{
  "name": "_funthreads",
  "version": "1.0.0",
  "lockfileVersion": 2,
  "requires": true,
  "packages": {
    "": {
      "version": "1.0.0",
      "license": "ISC",
      "dependencies": {
        "funthreads": "^1.0.3"
      }
    },
    "node_modules/funthreads": {
      "version": "1.0.3",
      "resolved": "https://registry.npmjs.org/funthreads/-/funthreads-1.0.3.tgz",
      "integrity": "sha512-mZlKT8gxZ6IxzuN1JP7p50sW4jkhpgRF2NWWVcEoxgMq+1qv3mrRoB8o1+/FaJKHLA0LSBYP6xzjPBWiZYl7kA==",
      "engines": {
        "node": ">=10.5"
      }
    }
  },
  "dependencies": {
    "funthreads": {
      "version": "1.0.3",
      "resolved": "https://registry.npmjs.org/funthreads/-/funthreads-1.0.3.tgz",
      "integrity": "sha512-mZlKT8gxZ6IxzuN1JP7p50sW4jkhpgRF2NWWVcEoxgMq+1qv3mrRoB8o1+/FaJKHLA0LSBYP6xzjPBWiZYl7kA=="
    }
  }
}
